
Microsoft Visual Studio Solution File, Format Version 12.00
# Visual Studio Version 16
VisualStudioVersion = 16.0.32413.511
MinimumVisualStudioVersion = 10.0.40219.1
Project("{FAE04EC0-301F-11D3-BF4B-00C04F79EFBC}") = "Longest Increasing Subsequence", "Longest Increasing Subsequence\Longest Increasing Subsequence.csproj", "{FF802839-1B7F-4DA1-8D0F-E4837B5E9E3B}"
EndProject
Global
	GlobalSection(SolutionConfigurationPlatforms) = preSolution
		Debug|Any CPU = Debug|Any CPU
		Release|Any CPU = Release|Any CPU
	EndGlobalSection
	GlobalSection(ProjectConfigurationPlatforms) = postSolution
		{FF802839-1B7F-4DA1-8D0F-E4837B5E9E3B}.Debug|Any CPU.ActiveCfg = Debug|Any CPU
		{FF802839-1B7F-4DA1-8D0F-E4837B5E9E3B}.Debug|Any CPU.Build.0 = Debug|Any CPU
		{FF802839-1B7F-4DA1-8D0F-E4837B5E9E3B}.Release|Any CPU.ActiveCfg = Release|Any CPU
		{FF802839-1B7F-4DA1-8D0F-E4837B5E9E3B}.Release|Any CPU.Build.0 = Release|Any CPU
	EndGlobalSection
	GlobalSection(SolutionProperties) = preSolution
		HideSolutionNode = FALSE
	EndGlobalSection
	GlobalSection(ExtensibilityGlobals) = postSolution
		SolutionGuid = {242002F0-A08C-4AC6-98B6-45B3F54FB18A}
	EndGlobalSection
EndGlobal
